
Microsoft Visual Studio Solution File, Format Version 12.00
# Visual Studio Version 17
VisualStudioVersion = 17.11.35312.102
MinimumVisualStudioVersion = 10.0.40219.1
Project("{FAE04EC0-301F-11D3-BF4B-00C04F79EFBC}") = "LegalApp", "LegalApp\LegalApp.csproj", "{A6A61117-55E5-4D13-B74B-87B2840A9DED}"
EndProject
Global
	GlobalSection(SolutionConfigurationPlatforms) = preSolution
		Debug|Any CPU = Debug|Any CPU
		Release|Any CPU = Release|Any CPU
	EndGlobalSection
	GlobalSection(ProjectConfigurationPlatforms) = postSolution
		{A6A61117-55E5-4D13-B74B-87B2840A9DED}.Debug|Any CPU.ActiveCfg = Debug|Any CPU
		{A6A61117-55E5-4D13-B74B-87B2840A9DED}.Debug|Any CPU.Build.0 = Debug|Any CPU
		{A6A61117-55E5-4D13-B74B-87B2840A9DED}.Debug|Any CPU.Deploy.0 = Debug|Any CPU
		{A6A61117-55E5-4D13-B74B-87B2840A9DED}.Release|Any CPU.ActiveCfg = Release|Any CPU
		{A6A61117-55E5-4D13-B74B-87B2840A9DED}.Release|Any CPU.Build.0 = Release|Any CPU
		{A6A61117-55E5-4D13-B74B-87B2840A9DED}.Release|Any CPU.Deploy.0 = Release|Any CPU
	EndGlobalSection
	GlobalSection(SolutionProperties) = preSolution
		HideSolutionNode = FALSE
	EndGlobalSection
	GlobalSection(ExtensibilityGlobals) = postSolution
		SolutionGuid = {7887E514-D86B-4045-B1F3-2273228E9439}
	EndGlobalSection
EndGlobal
